
Microsoft Visual Studio Solution File, Format Version 12.00
# Visual Studio Version 16
VisualStudioVersion = 16.0.30804.86
MinimumVisualStudioVersion = 10.0.40219.1
Project("{FAE04EC0-301F-11D3-BF4B-00C04F79EFBC}") = "SealExample", "SealExample\SealExample.csproj", "{62EE69BB-F3CD-4163-8782-CE1DD047C1C6}"
EndProject
Global
	GlobalSection(SolutionConfigurationPlatforms) = preSolution
		Debug|Any CPU = Debug|Any CPU
		Release|Any CPU = Release|Any CPU
	EndGlobalSection
	GlobalSection(ProjectConfigurationPlatforms) = postSolution
		{62EE69BB-F3CD-4163-8782-CE1DD047C1C6}.Debug|Any CPU.ActiveCfg = Debug|Any CPU
		{62EE69BB-F3CD-4163-8782-CE1DD047C1C6}.Debug|Any CPU.Build.0 = Debug|Any CPU
		{62EE69BB-F3CD-4163-8782-CE1DD047C1C6}.Release|Any CPU.ActiveCfg = Release|Any CPU
		{62EE69BB-F3CD-4163-8782-CE1DD047C1C6}.Release|Any CPU.Build.0 = Release|Any CPU
	EndGlobalSection
	GlobalSection(SolutionProperties) = preSolution
		HideSolutionNode = FALSE
	EndGlobalSection
	GlobalSection(ExtensibilityGlobals) = postSolution
		SolutionGuid = {034D5429-C83A-4A7C-8587-0C73A485D86A}
	EndGlobalSection
EndGlobal
